
Microsoft Visual Studio Solution File, Format Version 12.00
# Visual Studio Version 17
VisualStudioVersion = 17.0.31903.59
MinimumVisualStudioVersion = 10.0.40219.1
Project("{2150E333-8FDC-42A3-9474-1A3956D46DE8}") = "week01", "week01", "{C73FD937-CB51-48EE-B1CC-A826C7926E6F}"
EndProject
Project("{FAE04EC0-301F-11D3-BF4B-00C04F79EFBC}") = "Exercise1", "week01\Exercise1\Exercise1.csproj", "{8F9B26B8-7856-485F-BE8D-9037C5660AD6}"
EndProject
Project("{FAE04EC0-301F-11D3-BF4B-00C04F79EFBC}") = "Exercise2", "week01\Exercise2\Exercise2.csproj", "{D38ACEE1-8CC2-4F06-911E-FE38C65FFAFA}"
EndProject
Project("{FAE04EC0-301F-11D3-BF4B-00C04F79EFBC}") = "Exercise3", "week01\Exercise3\Exercise3.csproj", "{A9DD213D-B826-4BBD-B1CF-56B25B9E4950}"
EndProject
Project("{FAE04EC0-301F-11D3-BF4B-00C04F79EFBC}") = "Exercise4", "week01\Exercise4\Exercise4.csproj", "{3E4230BC-A2F7-4013-BA8D-F0F7A21D1E7D}"
EndProject
Project("{FAE04EC0-301F-11D3-BF4B-00C04F79EFBC}") = "Exercise5", "week01\Exercise5\Exercise5.csproj", "{CF89C354-6FB6-4818-BE0D-D892FD583AB2}"
EndProject
Project("{2150E333-8FDC-42A3-9474-1A3956D46DE8}") = "week02", "week02", "{8E5707A9-3413-4BB9-8163-0EF2A79CFE2F}"
EndProject
Project("{FAE04EC0-301F-11D3-BF4B-00C04F79EFBC}") = "Assignment1", "week02\Assigment1\Assignment1.csproj", "{973B47EE-084B-464D-A545-086D86994493}"
EndProject
Project("{FAE04EC0-301F-11D3-BF4B-00C04F79EFBC}") = "Activity1", "week02\Activity1\Activity1.csproj", "{0959BD7D-1CE4-4985-9F32-DC8D3F847E89}"
EndProject
Global
	GlobalSection(SolutionProperties) = preSolution
		HideSolutionNode = FALSE
	EndGlobalSection
	GlobalSection(SolutionConfigurationPlatforms) = preSolution
		Debug|Any CPU = Debug|Any CPU
		Debug|x64 = Debug|x64
		Debug|x86 = Debug|x86
		Release|Any CPU = Release|Any CPU
		Release|x64 = Release|x64
		Release|x86 = Release|x86
	EndGlobalSection
	GlobalSection(ProjectConfigurationPlatforms) = postSolution
		{8F9B26B8-7856-485F-BE8D-9037C5660AD6}.Debug|Any CPU.ActiveCfg = Debug|Any CPU
		{8F9B26B8-7856-485F-BE8D-9037C5660AD6}.Debug|Any CPU.Build.0 = Debug|Any CPU
		{8F9B26B8-7856-485F-BE8D-9037C5660AD6}.Debug|x64.ActiveCfg = Debug|Any CPU
		{8F9B26B8-7856-485F-BE8D-9037C5660AD6}.Debug|x64.Build.0 = Debug|Any CPU
		{8F9B26B8-7856-485F-BE8D-9037C5660AD6}.Debug|x86.ActiveCfg = Debug|Any CPU
		{8F9B26B8-7856-485F-BE8D-9037C5660AD6}.Debug|x86.Build.0 = Debug|Any CPU
		{8F9B26B8-7856-485F-BE8D-9037C5660AD6}.Release|Any CPU.ActiveCfg = Release|Any CPU
		{8F9B26B8-7856-485F-BE8D-9037C5660AD6}.Release|Any CPU.Build.0 = Release|Any CPU
		{8F9B26B8-7856-485F-BE8D-9037C5660AD6}.Release|x64.ActiveCfg = Release|Any CPU
		{8F9B26B8-7856-485F-BE8D-9037C5660AD6}.Release|x64.Build.0 = Release|Any CPU
		{8F9B26B8-7856-485F-BE8D-9037C5660AD6}.Release|x86.ActiveCfg = Release|Any CPU
		{8F9B26B8-7856-485F-BE8D-9037C5660AD6}.Release|x86.Build.0 = Release|Any CPU
		{D38ACEE1-8CC2-4F06-911E-FE38C65FFAFA}.Debug|Any CPU.ActiveCfg = Debug|Any CPU
		{D38ACEE1-8CC2-4F06-911E-FE38C65FFAFA}.Debug|Any CPU.Build.0 = Debug|Any CPU
		{D38ACEE1-8CC2-4F06-911E-FE38C65FFAFA}.Debug|x64.ActiveCfg = Debug|Any CPU
		{D38ACEE1-8CC2-4F06-911E-FE38C65FFAFA}.Debug|x64.Build.0 = Debug|Any CPU
		{D38ACEE1-8CC2-4F06-911E-FE38C65FFAFA}.Debug|x86.ActiveCfg = Debug|Any CPU
		{D38ACEE1-8CC2-4F06-911E-FE38C65FFAFA}.Debug|x86.Build.0 = Debug|Any CPU
		{D38ACEE1-8CC2-4F06-911E-FE38C65FFAFA}.Release|Any CPU.ActiveCfg = Release|Any CPU
		{D38ACEE1-8CC2-4F06-911E-FE38C65FFAFA}.Release|Any CPU.Build.0 = Release|Any CPU
		{D38ACEE1-8CC2-4F06-911E-FE38C65FFAFA}.Release|x64.ActiveCfg = Release|Any CPU
		{D38ACEE1-8CC2-4F06-911E-FE38C65FFAFA}.Release|x64.Build.0 = Release|Any CPU
		{D38ACEE1-8CC2-4F06-911E-FE38C65FFAFA}.Release|x86.ActiveCfg = Release|Any CPU
		{D38ACEE1-8CC2-4F06-911E-FE38C65FFAFA}.Release|x86.Build.0 = Release|Any CPU
		{A9DD213D-B826-4BBD-B1CF-56B25B9E4950}.Debug|Any CPU.ActiveCfg = Debug|Any CPU
		{A9DD213D-B826-4BBD-B1CF-56B25B9E4950}.Debug|Any CPU.Build.0 = Debug|Any CPU
		{A9DD213D-B826-4BBD-B1CF-56B25B9E4950}.Debug|x64.ActiveCfg = Debug|Any CPU
		{A9DD213D-B826-4BBD-B1CF-56B25B9E4950}.Debug|x64.Build.0 = Debug|Any CPU
		{A9DD213D-B826-4BBD-B1CF-56B25B9E4950}.Debug|x86.ActiveCfg = Debug|Any CPU
		{A9DD213D-B826-4BBD-B1CF-56B25B9E4950}.Debug|x86.Build.0 = Debug|Any CPU
		{A9DD213D-B826-4BBD-B1CF-56B25B9E4950}.Release|Any CPU.ActiveCfg = Release|Any CPU
		{A9DD213D-B826-4BBD-B1CF-56B25B9E4950}.Release|Any CPU.Build.0 = Release|Any CPU
		{A9DD213D-B826-4BBD-B1CF-56B25B9E4950}.Release|x64.ActiveCfg = Release|Any CPU
		{A9DD213D-B826-4BBD-B1CF-56B25B9E4950}.Release|x64.Build.0 = Release|Any CPU
		{A9DD213D-B826-4BBD-B1CF-56B25B9E4950}.Release|x86.ActiveCfg = Release|Any CPU
		{A9DD213D-B826-4BBD-B1CF-56B25B9E4950}.Release|x86.Build.0 = Release|Any CPU
		{3E4230BC-A2F7-4013-BA8D-F0F7A21D1E7D}.Debug|Any CPU.ActiveCfg = Debug|Any CPU
		{3E4230BC-A2F7-4013-BA8D-F0F7A21D1E7D}.Debug|Any CPU.Build.0 = Debug|Any CPU
		{3E4230BC-A2F7-4013-BA8D-F0F7A21D1E7D}.Debug|x64.ActiveCfg = Debug|Any CPU
		{3E4230BC-A2F7-4013-BA8D-F0F7A21D1E7D}.Debug|x64.Build.0 = Debug|Any CPU
		{3E4230BC-A2F7-4013-BA8D-F0F7A21D1E7D}.Debug|x86.ActiveCfg = Debug|Any CPU
		{3E4230BC-A2F7-4013-BA8D-F0F7A21D1E7D}.Debug|x86.Build.0 = Debug|Any CPU
		{3E4230BC-A2F7-4013-BA8D-F0F7A21D1E7D}.Release|Any CPU.ActiveCfg = Release|Any CPU
		{3E4230BC-A2F7-4013-BA8D-F0F7A21D1E7D}.Release|Any CPU.Build.0 = Release|Any CPU
		{3E4230BC-A2F7-4013-BA8D-F0F7A21D1E7D}.Release|x64.ActiveCfg = Release|Any CPU
		{3E4230BC-A2F7-4013-BA8D-F0F7A21D1E7D}.Release|x64.Build.0 = Release|Any CPU
		{3E4230BC-A2F7-4013-BA8D-F0F7A21D1E7D}.Release|x86.ActiveCfg = Release|Any CPU
		{3E4230BC-A2F7-4013-BA8D-F0F7A21D1E7D}.Release|x86.Build.0 = Release|Any CPU
		{CF89C354-6FB6-4818-BE0D-D892FD583AB2}.Debug|Any CPU.ActiveCfg = Debug|Any CPU
		{CF89C354-6FB6-4818-BE0D-D892FD583AB2}.Debug|Any CPU.Build.0 = Debug|Any CPU
		{CF89C354-6FB6-4818-BE0D-D892FD583AB2}.Debug|x64.ActiveCfg = Debug|Any CPU
		{CF89C354-6FB6-4818-BE0D-D892FD583AB2}.Debug|x64.Build.0 = Debug|Any CPU
		{CF89C354-6FB6-4818-BE0D-D892FD583AB2}.Debug|x86.ActiveCfg = Debug|Any CPU
		{CF89C354-6FB6-4818-BE0D-D892FD583AB2}.Debug|x86.Build.0 = Debug|Any CPU
		{CF89C354-6FB6-4818-BE0D-D892FD583AB2}.Release|Any CPU.ActiveCfg = Release|Any CPU
		{CF89C354-6FB6-4818-BE0D-D892FD583AB2}.Release|Any CPU.Build.0 = Release|Any CPU
		{CF89C354-6FB6-4818-BE0D-D892FD583AB2}.Release|x64.ActiveCfg = Release|Any CPU
		{CF89C354-6FB6-4818-BE0D-D892FD583AB2}.Release|x64.Build.0 = Release|Any CPU
		{CF89C354-6FB6-4818-BE0D-D892FD583AB2}.Release|x86.ActiveCfg = Release|Any CPU
		{CF89C354-6FB6-4818-BE0D-D892FD583AB2}.Release|x86.Build.0 = Release|Any CPU
		{973B47EE-084B-464D-A545-086D86994493}.Debug|Any CPU.ActiveCfg = Debug|Any CPU
		{973B47EE-084B-464D-A545-086D86994493}.Debug|Any CPU.Build.0 = Debug|Any CPU
		{973B47EE-084B-464D-A545-086D86994493}.Debug|x64.ActiveCfg = Debug|Any CPU
		{973B47EE-084B-464D-A545-086D86994493}.Debug|x64.Build.0 = Debug|Any CPU
		{973B47EE-084B-464D-A545-086D86994493}.Debug|x86.ActiveCfg = Debug|Any CPU
		{973B47EE-084B-464D-A545-086D86994493}.Debug|x86.Build.0 = Debug|Any CPU
		{973B47EE-084B-464D-A545-086D86994493}.Release|Any CPU.ActiveCfg = Release|Any CPU
		{973B47EE-084B-464D-A545-086D86994493}.Release|Any CPU.Build.0 = Release|Any CPU
		{973B47EE-084B-464D-A545-086D86994493}.Release|x64.ActiveCfg = Release|Any CPU
		{973B47EE-084B-464D-A545-086D86994493}.Release|x64.Build.0 = Release|Any CPU
		{973B47EE-084B-464D-A545-086D86994493}.Release|x86.ActiveCfg = Release|Any CPU
		{973B47EE-084B-464D-A545-086D86994493}.Release|x86.Build.0 = Release|Any CPU
		{0959BD7D-1CE4-4985-9F32-DC8D3F847E89}.Debug|Any CPU.ActiveCfg = Debug|Any CPU
		{0959BD7D-1CE4-4985-9F32-DC8D3F847E89}.Debug|Any CPU.Build.0 = Debug|Any CPU
		{0959BD7D-1CE4-4985-9F32-DC8D3F847E89}.Debug|x64.ActiveCfg = Debug|Any CPU
		{0959BD7D-1CE4-4985-9F32-DC8D3F847E89}.Debug|x64.Build.0 = Debug|Any CPU
		{0959BD7D-1CE4-4985-9F32-DC8D3F847E89}.Debug|x86.ActiveCfg = Debug|Any CPU
		{0959BD7D-1CE4-4985-9F32-DC8D3F847E89}.Debug|x86.Build.0 = Debug|Any CPU
		{0959BD7D-1CE4-4985-9F32-DC8D3F847E89}.Release|Any CPU.ActiveCfg = Release|Any CPU
		{0959BD7D-1CE4-4985-9F32-DC8D3F847E89}.Release|Any CPU.Build.0 = Release|Any CPU
		{0959BD7D-1CE4-4985-9F32-DC8D3F847E89}.Release|x64.ActiveCfg = Release|Any CPU
		{0959BD7D-1CE4-4985-9F32-DC8D3F847E89}.Release|x64.Build.0 = Release|Any CPU
		{0959BD7D-1CE4-4985-9F32-DC8D3F847E89}.Release|x86.ActiveCfg = Release|Any CPU
		{0959BD7D-1CE4-4985-9F32-DC8D3F847E89}.Release|x86.Build.0 = Release|Any CPU
	EndGlobalSection
	GlobalSection(NestedProjects) = preSolution
		{8F9B26B8-7856-485F-BE8D-9037C5660AD6} = {C73FD937-CB51-48EE-B1CC-A826C7926E6F}
		{D38ACEE1-8CC2-4F06-911E-FE38C65FFAFA} = {C73FD937-CB51-48EE-B1CC-A826C7926E6F}
		{A9DD213D-B826-4BBD-B1CF-56B25B9E4950} = {C73FD937-CB51-48EE-B1CC-A826C7926E6F}
		{3E4230BC-A2F7-4013-BA8D-F0F7A21D1E7D} = {C73FD937-CB51-48EE-B1CC-A826C7926E6F}
		{CF89C354-6FB6-4818-BE0D-D892FD583AB2} = {C73FD937-CB51-48EE-B1CC-A826C7926E6F}
		{973B47EE-084B-464D-A545-086D86994493} = {8E5707A9-3413-4BB9-8163-0EF2A79CFE2F}
		{0959BD7D-1CE4-4985-9F32-DC8D3F847E89} = {8E5707A9-3413-4BB9-8163-0EF2A79CFE2F}
	EndGlobalSection
EndGlobal
